
Microsoft Visual Studio Solution File, Format Version 12.00
# Visual Studio Version 17
VisualStudioVersion = 17.3.32819.101
MinimumVisualStudioVersion = 10.0.40219.1
Project("{F184B08F-C81C-45F6-A57F-5ABD9991F28F}") = "invioMail", "invioMail\invioMail.vbproj", "{57635CB7-1F73-4B85-AEA2-5F2794FEB2D0}"
EndProject
Global
	GlobalSection(SolutionConfigurationPlatforms) = preSolution
		Debug|Any CPU = Debug|Any CPU
		Release|Any CPU = Release|Any CPU
	EndGlobalSection
	GlobalSection(ProjectConfigurationPlatforms) = postSolution
		{57635CB7-1F73-4B85-AEA2-5F2794FEB2D0}.Debug|Any CPU.ActiveCfg = Debug|Any CPU
		{57635CB7-1F73-4B85-AEA2-5F2794FEB2D0}.Debug|Any CPU.Build.0 = Debug|Any CPU
		{57635CB7-1F73-4B85-AEA2-5F2794FEB2D0}.Release|Any CPU.ActiveCfg = Release|Any CPU
		{57635CB7-1F73-4B85-AEA2-5F2794FEB2D0}.Release|Any CPU.Build.0 = Release|Any CPU
	EndGlobalSection
	GlobalSection(SolutionProperties) = preSolution
		HideSolutionNode = FALSE
	EndGlobalSection
	GlobalSection(ExtensibilityGlobals) = postSolution
		SolutionGuid = {9CAD2753-E302-470A-8509-3F7E9075A39D}
	EndGlobalSection
EndGlobal
